
Microsoft Visual Studio Solution File, Format Version 12.00
# Visual Studio Version 17
VisualStudioVersion = 17.3.32819.101
MinimumVisualStudioVersion = 10.0.40219.1
Project("{FAE04EC0-301F-11D3-BF4B-00C04F79EFBC}") = "MagmaCrypt", "MagmaCrypt.csproj", "{07B0C48E-05B5-4F6B-918F-43C1AFCD067F}"
EndProject
Global
	GlobalSection(SolutionConfigurationPlatforms) = preSolution
		Debug|Any CPU = Debug|Any CPU
		Release|Any CPU = Release|Any CPU
	EndGlobalSection
	GlobalSection(ProjectConfigurationPlatforms) = postSolution
		{07B0C48E-05B5-4F6B-918F-43C1AFCD067F}.Debug|Any CPU.ActiveCfg = Debug|Any CPU
		{07B0C48E-05B5-4F6B-918F-43C1AFCD067F}.Debug|Any CPU.Build.0 = Debug|Any CPU
		{07B0C48E-05B5-4F6B-918F-43C1AFCD067F}.Release|Any CPU.ActiveCfg = Release|Any CPU
		{07B0C48E-05B5-4F6B-918F-43C1AFCD067F}.Release|Any CPU.Build.0 = Release|Any CPU
	EndGlobalSection
	GlobalSection(SolutionProperties) = preSolution
		HideSolutionNode = FALSE
	EndGlobalSection
	GlobalSection(ExtensibilityGlobals) = postSolution
		SolutionGuid = {EA5D6715-BBF3-4C66-AD58-FBEBC236D009}
	EndGlobalSection
EndGlobal
