
Microsoft Visual Studio Solution File, Format Version 12.00
# Visual Studio Version 17
VisualStudioVersion = 17.0.32112.339
MinimumVisualStudioVersion = 10.0.40219.1
Project("{FAE04EC0-301F-11D3-BF4B-00C04F79EFBC}") = "MatrixCrypt", "MatrixCrypt.csproj", "{21E97137-E504-4C3A-8B39-3913F54F9E8B}"
EndProject
Global
	GlobalSection(SolutionConfigurationPlatforms) = preSolution
		Debug|Any CPU = Debug|Any CPU
		Release|Any CPU = Release|Any CPU
	EndGlobalSection
	GlobalSection(ProjectConfigurationPlatforms) = postSolution
		{21E97137-E504-4C3A-8B39-3913F54F9E8B}.Debug|Any CPU.ActiveCfg = Debug|Any CPU
		{21E97137-E504-4C3A-8B39-3913F54F9E8B}.Debug|Any CPU.Build.0 = Debug|Any CPU
		{21E97137-E504-4C3A-8B39-3913F54F9E8B}.Release|Any CPU.ActiveCfg = Release|Any CPU
		{21E97137-E504-4C3A-8B39-3913F54F9E8B}.Release|Any CPU.Build.0 = Release|Any CPU
	EndGlobalSection
	GlobalSection(SolutionProperties) = preSolution
		HideSolutionNode = FALSE
	EndGlobalSection
	GlobalSection(ExtensibilityGlobals) = postSolution
		SolutionGuid = {61023C46-EA28-41E3-B150-A5B3D52FCC0B}
	EndGlobalSection
EndGlobal
