
Microsoft Visual Studio Solution File, Format Version 12.00
# Visual Studio Version 17
VisualStudioVersion = 17.3.32819.101
MinimumVisualStudioVersion = 10.0.40219.1
Project("{FAE04EC0-301F-11D3-BF4B-00C04F79EFBC}") = "FeistelCrypt", "FeistelCrypt\FeistelCrypt.csproj", "{7BFC48FB-CCCA-482F-9C97-5614F01C5BFF}"
EndProject
Global
	GlobalSection(SolutionConfigurationPlatforms) = preSolution
		Debug|Any CPU = Debug|Any CPU
		Release|Any CPU = Release|Any CPU
	EndGlobalSection
	GlobalSection(ProjectConfigurationPlatforms) = postSolution
		{7BFC48FB-CCCA-482F-9C97-5614F01C5BFF}.Debug|Any CPU.ActiveCfg = Debug|Any CPU
		{7BFC48FB-CCCA-482F-9C97-5614F01C5BFF}.Debug|Any CPU.Build.0 = Debug|Any CPU
		{7BFC48FB-CCCA-482F-9C97-5614F01C5BFF}.Release|Any CPU.ActiveCfg = Release|Any CPU
		{7BFC48FB-CCCA-482F-9C97-5614F01C5BFF}.Release|Any CPU.Build.0 = Release|Any CPU
	EndGlobalSection
	GlobalSection(SolutionProperties) = preSolution
		HideSolutionNode = FALSE
	EndGlobalSection
	GlobalSection(ExtensibilityGlobals) = postSolution
		SolutionGuid = {04128241-9F17-4924-B453-861D06CDE0FF}
	EndGlobalSection
EndGlobal
